
Microsoft Visual Studio Solution File, Format Version 12.00
# Visual Studio Version 17
VisualStudioVersion = 17.5.33530.505
MinimumVisualStudioVersion = 10.0.40219.1
Project("{9A19103F-16F7-4668-BE54-9A1E7A4F7556}") = "SortFile", "SortFile\SortFile.csproj", "{128D3A38-080B-440B-A8E8-1951159E0D91}"
EndProject
Project("{9A19103F-16F7-4668-BE54-9A1E7A4F7556}") = "FileSorterGUI", "FileSorterGUI\FileSorterGUI.csproj", "{053B3C94-A442-4FF0-9F88-50A66D13F33D}"
EndProject
Project("{2150E333-8FDC-42A3-9474-1A3956D46DE8}") = "Solution Items", "Solution Items", "{9883FD03-492A-4B1D-939F-46EDE55FB62C}"
	ProjectSection(SolutionItems) = preProject
		README.md = README.md
	EndProjectSection
EndProject
Project("{2150E333-8FDC-42A3-9474-1A3956D46DE8}") = "Release", "Release", "{4E9B4F3F-DB91-4EEA-BA72-A23EFDCE9B77}"
EndProject
Global
	GlobalSection(SolutionConfigurationPlatforms) = preSolution
		Debug|Any CPU = Debug|Any CPU
		Release|Any CPU = Release|Any CPU
	EndGlobalSection
	GlobalSection(ProjectConfigurationPlatforms) = postSolution
		{128D3A38-080B-440B-A8E8-1951159E0D91}.Debug|Any CPU.ActiveCfg = Debug|Any CPU
		{128D3A38-080B-440B-A8E8-1951159E0D91}.Debug|Any CPU.Build.0 = Debug|Any CPU
		{128D3A38-080B-440B-A8E8-1951159E0D91}.Release|Any CPU.ActiveCfg = Release|Any CPU
		{128D3A38-080B-440B-A8E8-1951159E0D91}.Release|Any CPU.Build.0 = Release|Any CPU
		{053B3C94-A442-4FF0-9F88-50A66D13F33D}.Debug|Any CPU.ActiveCfg = Debug|Any CPU
		{053B3C94-A442-4FF0-9F88-50A66D13F33D}.Debug|Any CPU.Build.0 = Debug|Any CPU
		{053B3C94-A442-4FF0-9F88-50A66D13F33D}.Release|Any CPU.ActiveCfg = Release|Any CPU
		{053B3C94-A442-4FF0-9F88-50A66D13F33D}.Release|Any CPU.Build.0 = Release|Any CPU
	EndGlobalSection
	GlobalSection(SolutionProperties) = preSolution
		HideSolutionNode = FALSE
	EndGlobalSection
	GlobalSection(ExtensibilityGlobals) = postSolution
		SolutionGuid = {87BD4A71-2A79-4089-81CD-E099CBD1533D}
	EndGlobalSection
EndGlobal
